<?xml version="1.0" encoding="utf-8"?>
<Project ToolsVersion="4.0" xmlns="http://schemas.microsoft.com/developer/msbuild/2003">
  <ItemGroup>
    <Filter Include="Source Files">
      <UniqueIdentifier>{4FC737F1-C7A5-4376-A066-2A32D752A2FF}</UniqueIdentifier>
      <Extensions>cpp;c;cc;cxx;def;odl;idl;hpj;bat;asm;asmx</Extensions>
    </Filter>
    <Filter Include="Header Files">
      <UniqueIdentifier>{93995380-89BD-4b04-88EB-625FBE52EBFB}</UniqueIdentifier>
      <Extensions>h;hh;hpp;hxx;hm;inl;inc;ipp;xsd</Extensions>
    </Filter>
    <Filter Include="Resource Files">
      <UniqueIdentifier>{67DA6AB6-F800-4c08-8B7A-83BB121AAD01}</UniqueIdentifier>
      <Extensions>rc;ico;cur;bmp;dlg;rc2;rct;bin;rgs;gif;jpg;jpeg;jpe;resx;tiff;tif;png;wav;mfcribbon-ms</Extensions>
    </Filter>
    <Filter Include="States">
      <UniqueIdentifier>{074e498d-939b-4295-b281-bbd2e97fb80d}</UniqueIdentifier>
    </Filter>
    <Filter Include="Entities">
      <UniqueIdentifier>{849cb1d5-9d1c-4c30-826d-a31a49bb9a73}</UniqueIdentifier>
    </Filter>
    <Filter Include="Components">
      <UniqueIdentifier>{808eb4a8-4324-4cfe-92bc-6eb729356194}</UniqueIdentifier>
    </Filter>
    <Filter Include="GUI">
      <UniqueIdentifier>{c1087f27-be5f-438b-b49e-6b93b60ec9c8}</UniqueIdentifier>
    </Filter>
    <Filter Include="Map">
      <UniqueIdentifier>{38d4c475-e1f0-44ee-9210-16d988b1f564}</UniqueIdentifier>
    </Filter>
    <Filter Include="Item">
      <UniqueIdentifier>{91d97431-994d-4cca-a5ef-d6369552d797}</UniqueIdentifier>
    </Filter>
    <Filter Include="Map\Tile">
      <UniqueIdentifier>{9f59f026-6a84-4082-93c7-0eee82c2a89b}</UniqueIdentifier>
    </Filter>
    <Filter Include="States\Editor Modes">
      <UniqueIdentifier>{2b10fe02-928e-4dc4-a51c-1575d4184fe8}</UniqueIdentifier>
    </Filter>
    <Filter Include="Entities\Enemies">
      <UniqueIdentifier>{51f8059d-8704-4505-baf2-c66fad747dd2}</UniqueIdentifier>
    </Filter>
    <Filter Include="Item\Weapons">
      <UniqueIdentifier>{b96d2d10-c9f3-4c4a-9189-5e55033e5fa4}</UniqueIdentifier>
    </Filter>
    <Filter Include="Item\Weapons\RangedWeapon">
      <UniqueIdentifier>{a342622c-5e89-4c09-99d9-247266e60bb8}</UniqueIdentifier>
    </Filter>
    <Filter Include="Item\Weapons\MeleeWeapon">
      <UniqueIdentifier>{0f1680c2-336d-430e-9685-acb617189d61}</UniqueIdentifier>
    </Filter>
    <Filter Include="Item\Armors">
      <UniqueIdentifier>{cb1934ce-31be-4f31-a949-349de53d516b}</UniqueIdentifier>
    </Filter>
    <Filter Include="Systems">
      <UniqueIdentifier>{6ffd502e-3261-40ec-9764-3bb2c697655d}</UniqueIdentifier>
    </Filter>
    <Filter Include="GUI\PlayerGUITabs">
      <UniqueIdentifier>{7bc4af6c-fc17-42ba-9e3e-761ac34e6575}</UniqueIdentifier>
    </Filter>
    <Filter Include="AI">
      <UniqueIdentifier>{8bb114a8-a588-484d-8b3e-b73f4414694c}</UniqueIdentifier>
    </Filter>
    <Filter Include="AI\Options">
      <UniqueIdentifier>{61f5ea60-5992-49d5-bfd5-06e4553cb294}</UniqueIdentifier>
    </Filter>
    <Filter Include="Config">
      <UniqueIdentifier>{4897c8e2-53df-4f7d-adc7-c4ab64819a84}</UniqueIdentifier>
    </Filter>
  </ItemGroup>
  <ItemGroup>
    <ClCompile Include="main.cpp">
      <Filter>Source Files</Filter>
    </ClCompile>
    <ClCompile Include="Game.cpp">
      <Filter>Source Files</Filter>
    </ClCompile>
    <ClCompile Include="GameState.cpp">
      <Filter>States</Filter>
    </ClCompile>
    <ClCompile Include="State.cpp">
      <Filter>States</Filter>
    </ClCompile>
    <ClCompile Include="Entity.cpp">
      <Filter>Entities</Filter>
    </ClCompile>
    <ClCompile Include="MainMenuState.cpp">
      <Filter>States</Filter>
    </ClCompile>
    <ClCompile Include="Player.cpp">
      <Filter>Entities</Filter>
    </ClCompile>
    <ClCompile Include="MovementComponent.cpp">
      <Filter>Components</Filter>
    </ClCompile>
    <ClCompile Include="AnimationComponent.cpp">
      <Filter>Components</Filter>
    </ClCompile>
    <ClCompile Include="EditorState.cpp">
      <Filter>States</Filter>
    </ClCompile>
    <ClCompile Include="HitboxComponent.cpp">
      <Filter>Components</Filter>
    </ClCompile>
    <ClCompile Include="Tile.cpp">
      <Filter>Map\Tile</Filter>
    </ClCompile>
    <ClCompile Include="PauseMenu.cpp">
      <Filter>GUI</Filter>
    </ClCompile>
    <ClCompile Include="SettingsState.cpp">
      <Filter>States</Filter>
    </ClCompile>
    <ClCompile Include="TileMap.cpp">
      <Filter>Map</Filter>
    </ClCompile>
    <ClCompile Include="stdafx.cpp">
      <Filter>Header Files</Filter>
    </ClCompile>
    <ClCompile Include="GraphicsSettings.cpp">
      <Filter>Resource Files</Filter>
    </ClCompile>
    <ClCompile Include="AttributeComponent.cpp">
      <Filter>Components</Filter>
    </ClCompile>
    <ClCompile Include="Gui.cpp">
      <Filter>GUI</Filter>
    </ClCompile>
    <ClCompile Include="PlayerGUI.cpp">
      <Filter>GUI</Filter>
    </ClCompile>
    <ClCompile Include="Item.cpp">
      <Filter>Item</Filter>
    </ClCompile>
    <ClCompile Include="MeleeWeapon.cpp">
      <Filter>Item\Weapons\MeleeWeapon</Filter>
    </ClCompile>
    <ClCompile Include="Sword.cpp">
      <Filter>Item\Weapons\MeleeWeapon</Filter>
    </ClCompile>
    <ClCompile Include="RangedWeapon.cpp">
      <Filter>Item\Weapons\RangedWeapon</Filter>
    </ClCompile>
    <ClCompile Include="Bow.cpp">
      <Filter>Item\Weapons\RangedWeapon</Filter>
    </ClCompile>
    <ClCompile Include="SkillComponent.cpp">
      <Filter>Components</Filter>
    </ClCompile>
    <ClCompile Include="EditorMode.cpp">
      <Filter>States\Editor Modes</Filter>
    </ClCompile>
    <ClCompile Include="DefaultEditorMode.cpp">
      <Filter>States\Editor Modes</Filter>
    </ClCompile>
    <ClCompile Include="EnemyEditorMode.cpp">
      <Filter>States\Editor Modes</Filter>
    </ClCompile>
    <ClCompile Include="Enemy.cpp">
      <Filter>Entities\Enemies</Filter>
    </ClCompile>
    <ClCompile Include="Rat.cpp">
      <Filter>Entities\Enemies</Filter>
    </ClCompile>
    <ClCompile Include="RegularTile.cpp">
      <Filter>Map\Tile</Filter>
    </ClCompile>
    <ClCompile Include="EnemySpawnerTile.cpp">
      <Filter>Map\Tile</Filter>
    </ClCompile>
    <ClCompile Include="EnemySystem.cpp">
      <Filter>Entities\Enemies</Filter>
    </ClCompile>
    <ClCompile Include="Inventory.cpp">
      <Filter>Item</Filter>
    </ClCompile>
    <ClCompile Include="Weapon.cpp">
      <Filter>Item\Weapons</Filter>
    </ClCompile>
    <ClCompile Include="TextTagSystem.cpp">
      <Filter>Systems</Filter>
    </ClCompile>
    <ClCompile Include="PlayerGUITabs.cpp">
      <Filter>GUI\PlayerGUITabs</Filter>
    </ClCompile>
    <ClCompile Include="CharacterTab.cpp">
      <Filter>GUI\PlayerGUITabs</Filter>
    </ClCompile>
    <ClCompile Include="Tab.cpp">
      <Filter>GUI\PlayerGUITabs</Filter>
    </ClCompile>
    <ClCompile Include="AIOption.cpp">
      <Filter>AI</Filter>
    </ClCompile>
    <ClCompile Include="AIFollow.cpp">
      <Filter>AI\Options</Filter>
    </ClCompile>
    <ClCompile Include="AIComponent.cpp">
      <Filter>Components</Filter>
    </ClCompile>
    <ClCompile Include="VectorMath.cpp">
      <Filter>Resource Files</Filter>
    </ClCompile>
    <ClCompile Include="Bird1.cpp">
      <Filter>Entities\Enemies</Filter>
    </ClCompile>
  </ItemGroup>
  <ItemGroup>
    <ClInclude Include="Game.h">
      <Filter>Header Files</Filter>
    </ClInclude>
    <ClInclude Include="GameState.h">
      <Filter>States</Filter>
    </ClInclude>
    <ClInclude Include="State.h">
      <Filter>States</Filter>
    </ClInclude>
    <ClInclude Include="Entity.h">
      <Filter>Entities</Filter>
    </ClInclude>
    <ClInclude Include="MainMenuState.h">
      <Filter>States</Filter>
    </ClInclude>
    <ClInclude Include="Player.h">
      <Filter>Entities</Filter>
    </ClInclude>
    <ClInclude Include="MovementComponent.h">
      <Filter>Components</Filter>
    </ClInclude>
    <ClInclude Include="AnimationComponent.h">
      <Filter>Components</Filter>
    </ClInclude>
    <ClInclude Include="EditorState.h">
      <Filter>States</Filter>
    </ClInclude>
    <ClInclude Include="HitboxComponent.h">
      <Filter>Components</Filter>
    </ClInclude>
    <ClInclude Include="Tile.h">
      <Filter>Map\Tile</Filter>
    </ClInclude>
    <ClInclude Include="PauseMenu.h">
      <Filter>GUI</Filter>
    </ClInclude>
    <ClInclude Include="SettingsState.h">
      <Filter>States</Filter>
    </ClInclude>
    <ClInclude Include="TileMap.h">
      <Filter>Map</Filter>
    </ClInclude>
    <ClInclude Include="stdafx.h">
      <Filter>Header Files</Filter>
    </ClInclude>
    <ClInclude Include="GraphicsSettings.h">
      <Filter>Resource Files</Filter>
    </ClInclude>
    <ClInclude Include="AttributeComponent.h">
      <Filter>Components</Filter>
    </ClInclude>
    <ClInclude Include="Gui.h">
      <Filter>GUI</Filter>
    </ClInclude>
    <ClInclude Include="PlayerGUI.h">
      <Filter>GUI</Filter>
    </ClInclude>
    <ClInclude Include="Item.h">
      <Filter>Item</Filter>
    </ClInclude>
    <ClInclude Include="MeleeWeapon.h">
      <Filter>Item\Weapons\MeleeWeapon</Filter>
    </ClInclude>
    <ClInclude Include="Sword.h">
      <Filter>Item\Weapons\MeleeWeapon</Filter>
    </ClInclude>
    <ClInclude Include="RangedWeapon.h">
      <Filter>Item\Weapons\RangedWeapon</Filter>
    </ClInclude>
    <ClInclude Include="Bow.h">
      <Filter>Item\Weapons\RangedWeapon</Filter>
    </ClInclude>
    <ClInclude Include="SkillComponent.h">
      <Filter>Components</Filter>
    </ClInclude>
    <ClInclude Include="EditorMode.h">
      <Filter>States\Editor Modes</Filter>
    </ClInclude>
    <ClInclude Include="DefaultEditorMode.h">
      <Filter>States\Editor Modes</Filter>
    </ClInclude>
    <ClInclude Include="EnemyEditorMode.h">
      <Filter>States\Editor Modes</Filter>
    </ClInclude>
    <ClInclude Include="EditorModes.h">
      <Filter>States\Editor Modes</Filter>
    </ClInclude>
    <ClInclude Include="Enemy.h">
      <Filter>Entities\Enemies</Filter>
    </ClInclude>
    <ClInclude Include="Rat.h">
      <Filter>Entities\Enemies</Filter>
    </ClInclude>
    <ClInclude Include="RegularTile.h">
      <Filter>Map\Tile</Filter>
    </ClInclude>
    <ClInclude Include="EnemySpawnerTile.h">
      <Filter>Map\Tile</Filter>
    </ClInclude>
    <ClInclude Include="EnemySystem.h">
      <Filter>Entities\Enemies</Filter>
    </ClInclude>
    <ClInclude Include="Inventory.h">
      <Filter>Item</Filter>
    </ClInclude>
    <ClInclude Include="Items.h">
      <Filter>Item</Filter>
    </ClInclude>
    <ClInclude Include="Weapon.h">
      <Filter>Item\Weapons</Filter>
    </ClInclude>
    <ClInclude Include="TextTagSystem.h">
      <Filter>Systems</Filter>
    </ClInclude>
    <ClInclude Include="PlayerGUITabs.h">
      <Filter>GUI\PlayerGUITabs</Filter>
    </ClInclude>
    <ClInclude Include="CharacterTab.h">
      <Filter>GUI\PlayerGUITabs</Filter>
    </ClInclude>
    <ClInclude Include="Tab.h">
      <Filter>GUI\PlayerGUITabs</Filter>
    </ClInclude>
    <ClInclude Include="AIOption.h">
      <Filter>AI</Filter>
    </ClInclude>
    <ClInclude Include="AIFollow.h">
      <Filter>AI\Options</Filter>
    </ClInclude>
    <ClInclude Include="AIComponent.h">
      <Filter>Components</Filter>
    </ClInclude>
    <ClInclude Include="VectorMath.h">
      <Filter>Resource Files</Filter>
    </ClInclude>
    <ClInclude Include="Bird1.h">
      <Filter>Entities\Enemies</Filter>
    </ClInclude>
  </ItemGroup>
  <ItemGroup>
    <None Include="fragment_shader.frag">
      <Filter>Resource Files</Filter>
    </None>
    <None Include="vertex_shader.vert">
      <Filter>Resource Files</Filter>
    </None>
    <None Include="Config\editorstate_keybinds.ini">
      <Filter>Config</Filter>
    </None>
    <None Include="Config\gamestate_keybinds.ini">
      <Filter>Config</Filter>
    </None>
    <None Include="Config\graphics.ini">
      <Filter>Config</Filter>
    </None>
    <None Include="Config\mainmenustate_keybinds.ini">
      <Filter>Config</Filter>
    </None>
    <None Include="Config\supported_keys.ini">
      <Filter>Config</Filter>
    </None>
  </ItemGroup>
  <ItemGroup>
    <Text Include="ToDo.txt">
      <Filter>Resource Files</Filter>
    </Text>
  </ItemGroup>
</Project>